// !$*UTF8*$!
{
	archiveVersion = 1;
	classes = {
	};
	objectVersion = 46;
	objects = {

/* Begin PBXBuildFile section */
		6F3A960F1F4D6DF7007792B6 /* main.m in Sources */ = {isa = PBXBuildFile; fileRef = 6F3A960E1F4D6DF7007792B6 /* main.m */; };
		6F3A96121F4D6DF7007792B6 /* AppDelegate.m in Sources */ = {isa = PBXBuildFile; fileRef = 6F3A96111F4D6DF7007792B6 /* AppDelegate.m */; };
		6F3A96151F4D6DF7007792B6 /* ViewController.m in Sources */ = {isa = PBXBuildFile; fileRef = 6F3A96141F4D6DF7007792B6 /* ViewController.m */; };
		6F3A96181F4D6DF7007792B6 /* Main.storyboard in Resources */ = {isa = PBXBuildFile; fileRef = 6F3A96161F4D6DF7007792B6 /* Main.storyboard */; };
		6F3A961A1F4D6DF7007792B6 /* Assets.xcassets in Resources */ = {isa = PBXBuildFile; fileRef = 6F3A96191F4D6DF7007792B6 /* Assets.xcassets */; };
		6F3A961D1F4D6DF7007792B6 /* LaunchScreen.storyboard in Resources */ = {isa = PBXBuildFile; fileRef = 6F3A961B1F4D6DF7007792B6 /* LaunchScreen.storyboard */; };
		6F3A96281F4D6DF7007792B6 /* YSMOCToolsTests.m in Sources */ = {isa = PBXBuildFile; fileRef = 6F3A96271F4D6DF7007792B6 /* YSMOCToolsTests.m */; };
		6F3A96331F4D6DF7007792B6 /* YSMOCToolsUITests.m in Sources */ = {isa = PBXBuildFile; fileRef = 6F3A96321F4D6DF7007792B6 /* YSMOCToolsUITests.m */; };
		8F00395A1FD68868008F81C3 /* NSString+Category.m in Sources */ = {isa = PBXBuildFile; fileRef = 8F0039591FD68868008F81C3 /* NSString+Category.m */; };
		8F0039611FD6A618008F81C3 /* UIImage+Category.m in Sources */ = {isa = PBXBuildFile; fileRef = 8F0039601FD6A618008F81C3 /* UIImage+Category.m */; };
		8F0039661FD6B533008F81C3 /* NSUserDefaults+Category.m in Sources */ = {isa = PBXBuildFile; fileRef = 8F0039651FD6B533008F81C3 /* NSUserDefaults+Category.m */; };
/* End PBXBuildFile section */

/* Begin PBXContainerItemProxy section */
		6F3A96241F4D6DF7007792B6 /* PBXContainerItemProxy */ = {
			isa = PBXContainerItemProxy;
			containerPortal = 6F3A96021F4D6DF7007792B6 /* Project object */;
			proxyType = 1;
			remoteGlobalIDString = 6F3A96091F4D6DF7007792B6;
			remoteInfo = YSMOCTools;
		};
		6F3A962F1F4D6DF7007792B6 /* PBXContainerItemProxy */ = {
			isa = PBXContainerItemProxy;
			containerPortal = 6F3A96021F4D6DF7007792B6 /* Project object */;
			proxyType = 1;
			remoteGlobalIDString = 6F3A96091F4D6DF7007792B6;
			remoteInfo = YSMOCTools;
		};
/* End PBXContainerItemProxy section */

/* Begin PBXFileReference section */
		6F3A960A1F4D6DF7007792B6 /* YSMOCTools.app */ = {isa = PBXFileReference; explicitFileType = wrapper.application; includeInIndex = 0; path = YSMOCTools.app; sourceTree = BUILT_PRODUCTS_DIR; };
		6F3A960E1F4D6DF7007792B6 /* main.m */ = {isa = PBXFileReference; lastKnownFileType = sourcecode.c.objc; path = main.m; sourceTree = "<group>"; };
		6F3A96101F4D6DF7007792B6 /* AppDelegate.h */ = {isa = PBXFileReference; lastKnownFileType = sourcecode.c.h; path = AppDelegate.h; sourceTree = "<group>"; };
		6F3A96111F4D6DF7007792B6 /* AppDelegate.m */ = {isa = PBXFileReference; lastKnownFileType = sourcecode.c.objc; path = AppDelegate.m; sourceTree = "<group>"; };
		6F3A96131F4D6DF7007792B6 /* ViewController.h */ = {isa = PBXFileReference; lastKnownFileType = sourcecode.c.h; path = ViewController.h; sourceTree = "<group>"; };
		6F3A96141F4D6DF7007792B6 /* ViewController.m */ = {isa = PBXFileReference; lastKnownFileType = sourcecode.c.objc; path = ViewController.m; sourceTree = "<group>"; };
		6F3A96171F4D6DF7007792B6 /* Base */ = {isa = PBXFileReference; lastKnownFileType = file.storyboard; name = Base; path = Base.lproj/Main.storyboard; sourceTree = "<group>"; };
		6F3A96191F4D6DF7007792B6 /* Assets.xcassets */ = {isa = PBXFileReference; lastKnownFileType = folder.assetcatalog; path = Assets.xcassets; sourceTree = "<group>"; };
		6F3A961C1F4D6DF7007792B6 /* Base */ = {isa = PBXFileReference; lastKnownFileType = file.storyboard; name = Base; path = Base.lproj/LaunchScreen.storyboard; sourceTree = "<group>"; };
		6F3A961E1F4D6DF7007792B6 /* Info.plist */ = {isa = PBXFileReference; lastKnownFileType = text.plist.xml; path = Info.plist; sourceTree = "<group>"; };
		6F3A96231F4D6DF7007792B6 /* YSMOCToolsTests.xctest */ = {isa = PBXFileReference; explicitFileType = wrapper.cfbundle; includeInIndex = 0; path = YSMOCToolsTests.xctest; sourceTree = BUILT_PRODUCTS_DIR; };
		6F3A96271F4D6DF7007792B6 /* YSMOCToolsTests.m */ = {isa = PBXFileReference; lastKnownFileType = sourcecode.c.objc; path = YSMOCToolsTests.m; sourceTree = "<group>"; };
		6F3A96291F4D6DF7007792B6 /* Info.plist */ = {isa = PBXFileReference; lastKnownFileType = text.plist.xml; path = Info.plist; sourceTree = "<group>"; };
		6F3A962E1F4D6DF7007792B6 /* YSMOCToolsUITests.xctest */ = {isa = PBXFileReference; explicitFileType = wrapper.cfbundle; includeInIndex = 0; path = YSMOCToolsUITests.xctest; sourceTree = BUILT_PRODUCTS_DIR; };
		6F3A96321F4D6DF7007792B6 /* YSMOCToolsUITests.m */ = {isa = PBXFileReference; lastKnownFileType = sourcecode.c.objc; path = YSMOCToolsUITests.m; sourceTree = "<group>"; };
		6F3A96341F4D6DF7007792B6 /* Info.plist */ = {isa = PBXFileReference; lastKnownFileType = text.plist.xml; path = Info.plist; sourceTree = "<group>"; };
		8F0039581FD68868008F81C3 /* NSString+Category.h */ = {isa = PBXFileReference; lastKnownFileType = sourcecode.c.h; path = "NSString+Category.h"; sourceTree = "<group>"; };
		8F0039591FD68868008F81C3 /* NSString+Category.m */ = {isa = PBXFileReference; lastKnownFileType = sourcecode.c.objc; path = "NSString+Category.m"; sourceTree = "<group>"; };
		8F00395F1FD6A618008F81C3 /* UIImage+Category.h */ = {isa = PBXFileReference; lastKnownFileType = sourcecode.c.h; path = "UIImage+Category.h"; sourceTree = "<group>"; };
		8F0039601FD6A618008F81C3 /* UIImage+Category.m */ = {isa = PBXFileReference; lastKnownFileType = sourcecode.c.objc; path = "UIImage+Category.m"; sourceTree = "<group>"; };
		8F0039641FD6B533008F81C3 /* NSUserDefaults+Category.h */ = {isa = PBXFileReference; lastKnownFileType = sourcecode.c.h; path = "NSUserDefaults+Category.h"; sourceTree = "<group>"; };
		8F0039651FD6B533008F81C3 /* NSUserDefaults+Category.m */ = {isa = PBXFileReference; lastKnownFileType = sourcecode.c.objc; path = "NSUserDefaults+Category.m"; sourceTree = "<group>"; };
/* End PBXFileReference section */

/* Begin PBXFrameworksBuildPhase section */
		6F3A96071F4D6DF7007792B6 /* Frameworks */ = {
			isa = PBXFrameworksBuildPhase;
			buildActionMask = 2147483647;
			files = (
			);
			runOnlyForDeploymentPostprocessing = 0;
		};
		6F3A96201F4D6DF7007792B6 /* Frameworks */ = {
			isa = PBXFrameworksBuildPhase;
			buildActionMask = 2147483647;
			files = (
			);
			runOnlyForDeploymentPostprocessing = 0;
		};
		6F3A962B1F4D6DF7007792B6 /* Frameworks */ = {
			isa = PBXFrameworksBuildPhase;
			buildActionMask = 2147483647;
			files = (
			);
			runOnlyForDeploymentPostprocessing = 0;
		};
/* End PBXFrameworksBuildPhase section */

/* Begin PBXGroup section */
		6F3A96011F4D6DF7007792B6 = {
			isa = PBXGroup;
			children = (
				6F3A960C1F4D6DF7007792B6 /* YSMOCTools */,
				6F3A96261F4D6DF7007792B6 /* YSMOCToolsTests */,
				6F3A96311F4D6DF7007792B6 /* YSMOCToolsUITests */,
				6F3A960B1F4D6DF7007792B6 /* Products */,
			);
			sourceTree = "<group>";
		};
		6F3A960B1F4D6DF7007792B6 /* Products */ = {
			isa = PBXGroup;
			children = (
				6F3A960A1F4D6DF7007792B6 /* YSMOCTools.app */,
				6F3A96231F4D6DF7007792B6 /* YSMOCToolsTests.xctest */,
				6F3A962E1F4D6DF7007792B6 /* YSMOCToolsUITests.xctest */,
			);
			name = Products;
			sourceTree = "<group>";
		};
		6F3A960C1F4D6DF7007792B6 /* YSMOCTools */ = {
			isa = PBXGroup;
			children = (
				6F3A96101F4D6DF7007792B6 /* AppDelegate.h */,
				6F3A96111F4D6DF7007792B6 /* AppDelegate.m */,
				6F3A96131F4D6DF7007792B6 /* ViewController.h */,
				6F3A96141F4D6DF7007792B6 /* ViewController.m */,
				8F0039571FD68856008F81C3 /* Extension */,
				6F3A96161F4D6DF7007792B6 /* Main.storyboard */,
				6F3A96191F4D6DF7007792B6 /* Assets.xcassets */,
				6F3A961B1F4D6DF7007792B6 /* LaunchScreen.storyboard */,
				6F3A961E1F4D6DF7007792B6 /* Info.plist */,
				6F3A960D1F4D6DF7007792B6 /* Supporting Files */,
			);
			path = YSMOCTools;
			sourceTree = "<group>";
		};
		6F3A960D1F4D6DF7007792B6 /* Supporting Files */ = {
			isa = PBXGroup;
			children = (
				6F3A960E1F4D6DF7007792B6 /* main.m */,
			);
			name = "Supporting Files";
			sourceTree = "<group>";
		};
		6F3A96261F4D6DF7007792B6 /* YSMOCToolsTests */ = {
			isa = PBXGroup;
			children = (
				6F3A96271F4D6DF7007792B6 /* YSMOCToolsTests.m */,
				6F3A96291F4D6DF7007792B6 /* Info.plist */,
			);
			path = YSMOCToolsTests;
			sourceTree = "<group>";
		};
		6F3A96311F4D6DF7007792B6 /* YSMOCToolsUITests */ = {
			isa = PBXGroup;
			children = (
				6F3A96321F4D6DF7007792B6 /* YSMOCToolsUITests.m */,
				6F3A96341F4D6DF7007792B6 /* Info.plist */,
			);
			path = YSMOCToolsUITests;
			sourceTree = "<group>";
		};
		8F0039571FD68856008F81C3 /* Extension */ = {
			isa = PBXGroup;
			children = (
				8F0039581FD68868008F81C3 /* NSString+Category.h */,
				8F0039591FD68868008F81C3 /* NSString+Category.m */,
				8F00395F1FD6A618008F81C3 /* UIImage+Category.h */,
				8F0039601FD6A618008F81C3 /* UIImage+Category.m */,
				8F0039641FD6B533008F81C3 /* NSUserDefaults+Category.h */,
				8F0039651FD6B533008F81C3 /* NSUserDefaults+Category.m */,
			);
			path = Extension;
			sourceTree = "<group>";
		};
/* End PBXGroup section */

/* Begin PBXNativeTarget section */
		6F3A96091F4D6DF7007792B6 /* YSMOCTools */ = {
			isa = PBXNativeTarget;
			buildConfigurationList = 6F3A96371F4D6DF7007792B6 /* Build configuration list for PBXNativeTarget "YSMOCTools" */;
			buildPhases = (
				6F3A96061F4D6DF7007792B6 /* Sources */,
				6F3A96071F4D6DF7007792B6 /* Frameworks */,
				6F3A96081F4D6DF7007792B6 /* Resources */,
			);
			buildRules = (
			);
			dependencies = (
			);
			name = YSMOCTools;
			productName = YSMOCTools;
			productReference = 6F3A960A1F4D6DF7007792B6 /* YSMOCTools.app */;
			productType = "com.apple.product-type.application";
		};
		6F3A96221F4D6DF7007792B6 /* YSMOCToolsTests */ = {
			isa = PBXNativeTarget;
			buildConfigurationList = 6F3A963A1F4D6DF7007792B6 /* Build configuration list for PBXNativeTarget "YSMOCToolsTests" */;
			buildPhases = (
				6F3A961F1F4D6DF7007792B6 /* Sources */,
				6F3A96201F4D6DF7007792B6 /* Frameworks */,
				6F3A96211F4D6DF7007792B6 /* Resources */,
			);
			buildRules = (
			);
			dependencies = (
				6F3A96251F4D6DF7007792B6 /* PBXTargetDependency */,
			);
			name = YSMOCToolsTests;
			productName = YSMOCToolsTests;
			productReference = 6F3A96231F4D6DF7007792B6 /* YSMOCToolsTests.xctest */;
			productType = "com.apple.product-type.bundle.unit-test";
		};
		6F3A962D1F4D6DF7007792B6 /* YSMOCToolsUITests */ = {
			isa = PBXNativeTarget;
			buildConfigurationList = 6F3A963D1F4D6DF7007792B6 /* Build configuration list for PBXNativeTarget "YSMOCToolsUITests" */;
			buildPhases = (
				6F3A962A1F4D6DF7007792B6 /* Sources */,
				6F3A962B1F4D6DF7007792B6 /* Frameworks */,
				6F3A962C1F4D6DF7007792B6 /* Resources */,
			);
			buildRules = (
			);
			dependencies = (
				6F3A96301F4D6DF7007792B6 /* PBXTargetDependency */,
			);
			name = YSMOCToolsUITests;
			productName = YSMOCToolsUITests;
			productReference = 6F3A962E1F4D6DF7007792B6 /* YSMOCToolsUITests.xctest */;
			productType = "com.apple.product-type.bundle.ui-testing";
		};
/* End PBXNativeTarget section */

/* Begin PBXProject section */
		6F3A96021F4D6DF7007792B6 /* Project object */ = {
			isa = PBXProject;
			attributes = {
				LastUpgradeCheck = 0830;
				ORGANIZATIONNAME = "忆思梦吧";
				TargetAttributes = {
					6F3A96091F4D6DF7007792B6 = {
						CreatedOnToolsVersion = 8.3.2;
						DevelopmentTeam = 7WBB4H4S24;
						ProvisioningStyle = Automatic;
					};
					6F3A96221F4D6DF7007792B6 = {
						CreatedOnToolsVersion = 8.3.2;
						ProvisioningStyle = Automatic;
						TestTargetID = 6F3A96091F4D6DF7007792B6;
					};
					6F3A962D1F4D6DF7007792B6 = {
						CreatedOnToolsVersion = 8.3.2;
						ProvisioningStyle = Automatic;
						TestTargetID = 6F3A96091F4D6DF7007792B6;
					};
				};
			};
			buildConfigurationList = 6F3A96051F4D6DF7007792B6 /* Build configuration list for PBXProject "YSMOCTools" */;
			compatibilityVersion = "Xcode 3.2";
			developmentRegion = English;
			hasScannedForEncodings = 0;
			knownRegions = (
				en,
				Base,
			);
			mainGroup = 6F3A96011F4D6DF7007792B6;
			productRefGroup = 6F3A960B1F4D6DF7007792B6 /* Products */;
			projectDirPath = "";
			projectRoot = "";
			targets = (
				6F3A96091F4D6DF7007792B6 /* YSMOCTools */,
				6F3A96221F4D6DF7007792B6 /* YSMOCToolsTests */,
				6F3A962D1F4D6DF7007792B6 /* YSMOCToolsUITests */,
			);
		};
/* End PBXProject section */

/* Begin PBXResourcesBuildPhase section */
		6F3A96081F4D6DF7007792B6 /* Resources */ = {
			isa = PBXResourcesBuildPhase;
			buildActionMask = 2147483647;
			files = (
				6F3A961D1F4D6DF7007792B6 /* LaunchScreen.storyboard in Resources */,
				6F3A961A1F4D6DF7007792B6 /* Assets.xcassets in Resources */,
				6F3A96181F4D6DF7007792B6 /* Main.storyboard in Resources */,
			);
			runOnlyForDeploymentPostprocessing = 0;
		};
		6F3A96211F4D6DF7007792B6 /* Resources */ = {
			isa = PBXResourcesBuildPhase;
			buildActionMask = 2147483647;
			files = (
			);
			runOnlyForDeploymentPostprocessing = 0;
		};
		6F3A962C1F4D6DF7007792B6 /* Resources */ = {
			isa = PBXResourcesBuildPhase;
			buildActionMask = 2147483647;
			files = (
			);
			runOnlyForDeploymentPostprocessing = 0;
		};
/* End PBXResourcesBuildPhase section */

/* Begin PBXSourcesBuildPhase section */
		6F3A96061F4D6DF7007792B6 /* Sources */ = {
			isa = PBXSourcesBuildPhase;
			buildActionMask = 2147483647;
			files = (
				8F00395A1FD68868008F81C3 /* NSString+Category.m in Sources */,
				8F0039661FD6B533008F81C3 /* NSUserDefaults+Category.m in Sources */,
				6F3A96151F4D6DF7007792B6 /* ViewController.m in Sources */,
				6F3A96121F4D6DF7007792B6 /* AppDelegate.m in Sources */,
				6F3A960F1F4D6DF7007792B6 /* main.m in Sources */,
				8F0039611FD6A618008F81C3 /* UIImage+Category.m in Sources */,
			);
			runOnlyForDeploymentPostprocessing = 0;
		};
		6F3A961F1F4D6DF7007792B6 /* Sources */ = {
			isa = PBXSourcesBuildPhase;
			buildActionMask = 2147483647;
			files = (
				6F3A96281F4D6DF7007792B6 /* YSMOCToolsTests.m in Sources */,
			);
			runOnlyForDeploymentPostprocessing = 0;
		};
		6F3A962A1F4D6DF7007792B6 /* Sources */ = {
			isa = PBXSourcesBuildPhase;
			buildActionMask = 2147483647;
			files = (
				6F3A96331F4D6DF7007792B6 /* YSMOCToolsUITests.m in Sources */,
			);
			runOnlyForDeploymentPostprocessing = 0;
		};
/* End PBXSourcesBuildPhase section */

/* Begin PBXTargetDependency section */
		6F3A96251F4D6DF7007792B6 /* PBXTargetDependency */ = {
			isa = PBXTargetDependency;
			target = 6F3A96091F4D6DF7007792B6 /* YSMOCTools */;
			targetProxy = 6F3A96241F4D6DF7007792B6 /* PBXContainerItemProxy */;
		};
		6F3A96301F4D6DF7007792B6 /* PBXTargetDependency */ = {
			isa = PBXTargetDependency;
			target = 6F3A96091F4D6DF7007792B6 /* YSMOCTools */;
			targetProxy = 6F3A962F1F4D6DF7007792B6 /* PBXContainerItemProxy */;
		};
/* End PBXTargetDependency section */

/* Begin PBXVariantGroup section */
		6F3A96161F4D6DF7007792B6 /* Main.storyboard */ = {
			isa = PBXVariantGroup;
			children = (
				6F3A96171F4D6DF7007792B6 /* Base */,
			);
			name = Main.storyboard;
			sourceTree = "<group>";
		};
		6F3A961B1F4D6DF7007792B6 /* LaunchScreen.storyboard */ = {
			isa = PBXVariantGroup;
			children = (
				6F3A961C1F4D6DF7007792B6 /* Base */,
			);
			name = LaunchScreen.storyboard;
			sourceTree = "<group>";
		};
/* End PBXVariantGroup section */

/* Begin XCBuildConfiguration section */
		6F3A96351F4D6DF7007792B6 /* Debug */ = {
			isa = XCBuildConfiguration;
			buildSettings = {
				ALWAYS_SEARCH_USER_PATHS = NO;
				CLANG_ANALYZER_NONNULL = YES;
				CLANG_ANALYZER_NUMBER_OBJECT_CONVERSION = YES_AGGRESSIVE;
				CLANG_CXX_LANGUAGE_STANDARD = "gnu++0x";
				CLANG_CXX_LIBRARY = "libc++";
				CLANG_ENABLE_MODULES = YES;
				CLANG_ENABLE_OBJC_ARC = YES;
				CLANG_WARN_BOOL_CONVERSION = YES;
				CLANG_WARN_CONSTANT_CONVERSION = YES;
				CLANG_WARN_DIRECT_OBJC_ISA_USAGE = YES_ERROR;
				CLANG_WARN_DOCUMENTATION_COMMENTS = YES;
				CLANG_WARN_EMPTY_BODY = YES;
				CLANG_WARN_ENUM_CONVERSION = YES;
				CLANG_WARN_INFINITE_RECURSION = YES;
				CLANG_WARN_INT_CONVERSION = YES;
				CLANG_WARN_OBJC_ROOT_CLASS = YES_ERROR;
				CLANG_WARN_SUSPICIOUS_MOVE = YES;
				CLANG_WARN_UNREACHABLE_CODE = YES;
				CLANG_WARN__DUPLICATE_METHOD_MATCH = YES;
				"CODE_SIGN_IDENTITY[sdk=iphoneos*]" = "iPhone Developer";
				COPY_PHASE_STRIP = NO;
				DEBUG_INFORMATION_FORMAT = dwarf;
				ENABLE_STRICT_OBJC_MSGSEND = YES;
				ENABLE_TESTABILITY = YES;
				GCC_C_LANGUAGE_STANDARD = gnu99;
				GCC_DYNAMIC_NO_PIC = NO;
				GCC_NO_COMMON_BLOCKS = YES;
				GCC_OPTIMIZATION_LEVEL = 0;
				GCC_PREPROCESSOR_DEFINITIONS = (
					"DEBUG=1",
					"$(inherited)",
				);
				GCC_WARN_64_TO_32_BIT_CONVERSION = YES;
				GCC_WARN_ABOUT_RETURN_TYPE = YES_ERROR;
				GCC_WARN_UNDECLARED_SELECTOR = YES;
				GCC_WARN_UNINITIALIZED_AUTOS = YES_AGGRESSIVE;
				GCC_WARN_UNUSED_FUNCTION = YES;
				GCC_WARN_UNUSED_VARIABLE = YES;
				IPHONEOS_DEPLOYMENT_TARGET = 10.3;
				MTL_ENABLE_DEBUG_INFO = YES;
				ONLY_ACTIVE_ARCH = YES;
				SDKROOT = iphoneos;
				TARGETED_DEVICE_FAMILY = "1,2";
			};
			name = Debug;
		};
		6F3A96361F4D6DF7007792B6 /* Release */ = {
			isa = XCBuildConfiguration;
			buildSettings = {
				ALWAYS_SEARCH_USER_PATHS = NO;
				CLANG_ANALYZER_NONNULL = YES;
				CLANG_ANALYZER_NUMBER_OBJECT_CONVERSION = YES_AGGRESSIVE;
				CLANG_CXX_LANGUAGE_STANDARD = "gnu++0x";
				CLANG_CXX_LIBRARY = "libc++";
				CLANG_ENABLE_MODULES = YES;
				CLANG_ENABLE_OBJC_ARC = YES;
				CLANG_WARN_BOOL_CONVERSION = YES;
				CLANG_WARN_CONSTANT_CONVERSION = YES;
				CLANG_WARN_DIRECT_OBJC_ISA_USAGE = YES_ERROR;
				CLANG_WARN_DOCUMENTATION_COMMENTS = YES;
				CLANG_WARN_EMPTY_BODY = YES;
				CLANG_WARN_ENUM_CONVERSION = YES;
				CLANG_WARN_INFINITE_RECURSION = YES;
				CLANG_WARN_INT_CONVERSION = YES;
				CLANG_WARN_OBJC_ROOT_CLASS = YES_ERROR;
				CLANG_WARN_SUSPICIOUS_MOVE = YES;
				CLANG_WARN_UNREACHABLE_CODE = YES;
				CLANG_WARN__DUPLICATE_METHOD_MATCH = YES;
				"CODE_SIGN_IDENTITY[sdk=iphoneos*]" = "iPhone Developer";
				COPY_PHASE_STRIP = NO;
				DEBUG_INFORMATION_FORMAT = "dwarf-with-dsym";
				ENABLE_NS_ASSERTIONS = NO;
				ENABLE_STRICT_OBJC_MSGSEND = YES;
				GCC_C_LANGUAGE_STANDARD = gnu99;
				GCC_NO_COMMON_BLOCKS = YES;
				GCC_WARN_64_TO_32_BIT_CONVERSION = YES;
				GCC_WARN_ABOUT_RETURN_TYPE = YES_ERROR;
				GCC_WARN_UNDECLARED_SELECTOR = YES;
				GCC_WARN_UNINITIALIZED_AUTOS = YES_AGGRESSIVE;
				GCC_WARN_UNUSED_FUNCTION = YES;
				GCC_WARN_UNUSED_VARIABLE = YES;
				IPHONEOS_DEPLOYMENT_TARGET = 10.3;
				MTL_ENABLE_DEBUG_INFO = NO;
				SDKROOT = iphoneos;
				TARGETED_DEVICE_FAMILY = "1,2";
				VALIDATE_PRODUCT = YES;
			};
			name = Release;
		};
		6F3A96381F4D6DF7007792B6 /* Debug */ = {
			isa = XCBuildConfiguration;
			buildSettings = {
				ASSETCATALOG_COMPILER_APPICON_NAME = AppIcon;
				DEVELOPMENT_TEAM = 7WBB4H4S24;
				INFOPLIST_FILE = YSMOCTools/Info.plist;
				IPHONEOS_DEPLOYMENT_TARGET = 10.1;
				LD_RUNPATH_SEARCH_PATHS = "$(inherited) @executable_path/Frameworks";
				PRODUCT_BUNDLE_IDENTIFIER = com.yisimengba.test.YSMOCTools;
				PRODUCT_NAME = "$(TARGET_NAME)";
			};
			name = Debug;
		};
		6F3A96391F4D6DF7007792B6 /* Release */ = {
			isa = XCBuildConfiguration;
			buildSettings = {
				ASSETCATALOG_COMPILER_APPICON_NAME = AppIcon;
				DEVELOPMENT_TEAM = 7WBB4H4S24;
				INFOPLIST_FILE = YSMOCTools/Info.plist;
				IPHONEOS_DEPLOYMENT_TARGET = 10.1;
				LD_RUNPATH_SEARCH_PATHS = "$(inherited) @executable_path/Frameworks";
				PRODUCT_BUNDLE_IDENTIFIER = com.yisimengba.test.YSMOCTools;
				PRODUCT_NAME = "$(TARGET_NAME)";
			};
			name = Release;
		};
		6F3A963B1F4D6DF7007792B6 /* Debug */ = {
			isa = XCBuildConfiguration;
			buildSettings = {
				BUNDLE_LOADER = "$(TEST_HOST)";
				INFOPLIST_FILE = YSMOCToolsTests/Info.plist;
				LD_RUNPATH_SEARCH_PATHS = "$(inherited) @executable_path/Frameworks @loader_path/Frameworks";
				PRODUCT_BUNDLE_IDENTIFIER = com.yisimengba.test.YSMOCToolsTests;
				PRODUCT_NAME = "$(TARGET_NAME)";
				TEST_HOST = "$(BUILT_PRODUCTS_DIR)/YSMOCTools.app/YSMOCTools";
			};
			name = Debug;
		};
		6F3A963C1F4D6DF7007792B6 /* Release */ = {
			isa = XCBuildConfiguration;
			buildSettings = {
				BUNDLE_LOADER = "$(TEST_HOST)";
				INFOPLIST_FILE = YSMOCToolsTests/Info.plist;
				LD_RUNPATH_SEARCH_PATHS = "$(inherited) @executable_path/Frameworks @loader_path/Frameworks";
				PRODUCT_BUNDLE_IDENTIFIER = com.yisimengba.test.YSMOCToolsTests;
				PRODUCT_NAME = "$(TARGET_NAME)";
				TEST_HOST = "$(BUILT_PRODUCTS_DIR)/YSMOCTools.app/YSMOCTools";
			};
			name = Release;
		};
		6F3A963E1F4D6DF7007792B6 /* Debug */ = {
			isa = XCBuildConfiguration;
			buildSettings = {
				INFOPLIST_FILE = YSMOCToolsUITests/Info.plist;
				LD_RUNPATH_SEARCH_PATHS = "$(inherited) @executable_path/Frameworks @loader_path/Frameworks";
				PRODUCT_BUNDLE_IDENTIFIER = com.yisimengba.test.YSMOCToolsUITests;
				PRODUCT_NAME = "$(TARGET_NAME)";
				TEST_TARGET_NAME = YSMOCTools;
			};
			name = Debug;
		};
		6F3A963F1F4D6DF7007792B6 /* Release */ = {
			isa = XCBuildConfiguration;
			buildSettings = {
				INFOPLIST_FILE = YSMOCToolsUITests/Info.plist;
				LD_RUNPATH_SEARCH_PATHS = "$(inherited) @executable_path/Frameworks @loader_path/Frameworks";
				PRODUCT_BUNDLE_IDENTIFIER = com.yisimengba.test.YSMOCToolsUITests;
				PRODUCT_NAME = "$(TARGET_NAME)";
				TEST_TARGET_NAME = YSMOCTools;
			};
			name = Release;
		};
/* End XCBuildConfiguration section */

/* Begin XCConfigurationList section */
		6F3A96051F4D6DF7007792B6 /* Build configuration list for PBXProject "YSMOCTools" */ = {
			isa = XCConfigurationList;
			buildConfigurations = (
				6F3A96351F4D6DF7007792B6 /* Debug */,
				6F3A96361F4D6DF7007792B6 /* Release */,
			);
			defaultConfigurationIsVisible = 0;
			defaultConfigurationName = Release;
		};
		6F3A96371F4D6DF7007792B6 /* Build configuration list for PBXNativeTarget "YSMOCTools" */ = {
			isa = XCConfigurationList;
			buildConfigurations = (
				6F3A96381F4D6DF7007792B6 /* Debug */,
				6F3A96391F4D6DF7007792B6 /* Release */,
			);
			defaultConfigurationIsVisible = 0;
			defaultConfigurationName = Release;
		};
		6F3A963A1F4D6DF7007792B6 /* Build configuration list for PBXNativeTarget "YSMOCToolsTests" */ = {
			isa = XCConfigurationList;
			buildConfigurations = (
				6F3A963B1F4D6DF7007792B6 /* Debug */,
				6F3A963C1F4D6DF7007792B6 /* Release */,
			);
			defaultConfigurationIsVisible = 0;
			defaultConfigurationName = Release;
		};
		6F3A963D1F4D6DF7007792B6 /* Build configuration list for PBXNativeTarget "YSMOCToolsUITests" */ = {
			isa = XCConfigurationList;
			buildConfigurations = (
				6F3A963E1F4D6DF7007792B6 /* Debug */,
				6F3A963F1F4D6DF7007792B6 /* Release */,
			);
			defaultConfigurationIsVisible = 0;
			defaultConfigurationName = Release;
		};
/* End XCConfigurationList section */
	};
	rootObject = 6F3A96021F4D6DF7007792B6 /* Project object */;
}
