// !$*UTF8*$!
{
	archiveVersion = 1;
	classes = {
	};
	objectVersion = 46;
	objects = {

/* Begin PBXBuildFile section */
		1A04D6D0B43AB14CA5E5CF43 /* Pods_YSMSwiftTools.framework in Frameworks */ = {isa = PBXBuildFile; fileRef = C02079BF83BBB651AE9D3BD2 /* Pods_YSMSwiftTools.framework */; };
		5C4AF94FA30E11D519001BBC /* Pods_YSMSwiftToolsUITests.framework in Frameworks */ = {isa = PBXBuildFile; fileRef = 012E999F3CF21EE15694BC83 /* Pods_YSMSwiftToolsUITests.framework */; };
		6F3A95D41F4D6D95007792B6 /* AppDelegate.swift in Sources */ = {isa = PBXBuildFile; fileRef = 6F3A95D31F4D6D95007792B6 /* AppDelegate.swift */; };
		6F3A95D61F4D6D95007792B6 /* ViewController.swift in Sources */ = {isa = PBXBuildFile; fileRef = 6F3A95D51F4D6D95007792B6 /* ViewController.swift */; };
		6F3A95D91F4D6D95007792B6 /* Main.storyboard in Resources */ = {isa = PBXBuildFile; fileRef = 6F3A95D71F4D6D95007792B6 /* Main.storyboard */; };
		6F3A95DB1F4D6D95007792B6 /* Assets.xcassets in Resources */ = {isa = PBXBuildFile; fileRef = 6F3A95DA1F4D6D95007792B6 /* Assets.xcassets */; };
		6F3A95DE1F4D6D95007792B6 /* LaunchScreen.storyboard in Resources */ = {isa = PBXBuildFile; fileRef = 6F3A95DC1F4D6D95007792B6 /* LaunchScreen.storyboard */; };
		6F3A95E91F4D6D95007792B6 /* YSMSwiftToolsTests.swift in Sources */ = {isa = PBXBuildFile; fileRef = 6F3A95E81F4D6D95007792B6 /* YSMSwiftToolsTests.swift */; };
		6F3A95F41F4D6D95007792B6 /* YSMSwiftToolsUITests.swift in Sources */ = {isa = PBXBuildFile; fileRef = 6F3A95F31F4D6D95007792B6 /* YSMSwiftToolsUITests.swift */; };
		6F51E1F61F67820900C2500D /* YSMUtils.swift in Sources */ = {isa = PBXBuildFile; fileRef = 6F51E1F51F67820900C2500D /* YSMUtils.swift */; };
		8F05EC731FE3B686006FE7A5 /* SwiftMulticastDelegate.swift in Sources */ = {isa = PBXBuildFile; fileRef = 8F05EC721FE3B686006FE7A5 /* SwiftMulticastDelegate.swift */; };
		8F05EC761FE3B7A8006FE7A5 /* UIColor+Extension.swift in Sources */ = {isa = PBXBuildFile; fileRef = 8F05EC751FE3B7A8006FE7A5 /* UIColor+Extension.swift */; };
		8F05EC781FE3B7B1006FE7A5 /* UIButton+layout.swift in Sources */ = {isa = PBXBuildFile; fileRef = 8F05EC771FE3B7B1006FE7A5 /* UIButton+layout.swift */; };
		8F05EC7A1FE3B7BB006FE7A5 /* UIImage+Extension.swift in Sources */ = {isa = PBXBuildFile; fileRef = 8F05EC791FE3B7BB006FE7A5 /* UIImage+Extension.swift */; };
		8F05EC7C1FE3B7C9006FE7A5 /* UIImage+Gif.swift in Sources */ = {isa = PBXBuildFile; fileRef = 8F05EC7B1FE3B7C9006FE7A5 /* UIImage+Gif.swift */; };
		8F05EC7E1FE3B7DB006FE7A5 /* UITextView+Extension.swift in Sources */ = {isa = PBXBuildFile; fileRef = 8F05EC7D1FE3B7DB006FE7A5 /* UITextView+Extension.swift */; };
		8F05EC801FE3B7EF006FE7A5 /* UIView+Extension.swift in Sources */ = {isa = PBXBuildFile; fileRef = 8F05EC7F1FE3B7EE006FE7A5 /* UIView+Extension.swift */; };
		8F05EC841FE3BA61006FE7A5 /* CGRect+Extension.swift in Sources */ = {isa = PBXBuildFile; fileRef = 8F05EC831FE3BA61006FE7A5 /* CGRect+Extension.swift */; };
		8F05EC8A1FE3DC73006FE7A5 /* Date+Extension.swift in Sources */ = {isa = PBXBuildFile; fileRef = 8F05EC891FE3DC73006FE7A5 /* Date+Extension.swift */; };
		8F3A8665202952F40099BEBA /* FloatBall.swift in Sources */ = {isa = PBXBuildFile; fileRef = 8F3A865F202952F30099BEBA /* FloatBall.swift */; };
		8F3A8666202952F40099BEBA /* FloatBallMenuItem.swift in Sources */ = {isa = PBXBuildFile; fileRef = 8F3A8660202952F30099BEBA /* FloatBallMenuItem.swift */; };
		8F3A8667202952F40099BEBA /* FloatBallMenuView.swift in Sources */ = {isa = PBXBuildFile; fileRef = 8F3A8661202952F30099BEBA /* FloatBallMenuView.swift */; };
		8F3A8668202952F40099BEBA /* FloatBallMenuViewCell.swift in Sources */ = {isa = PBXBuildFile; fileRef = 8F3A8662202952F30099BEBA /* FloatBallMenuViewCell.swift */; };
		8F3A8669202952F40099BEBA /* ArrowLayer.swift in Sources */ = {isa = PBXBuildFile; fileRef = 8F3A8663202952F30099BEBA /* ArrowLayer.swift */; };
		8F3A866A202952F40099BEBA /* FloatButton.swift in Sources */ = {isa = PBXBuildFile; fileRef = 8F3A8664202952F30099BEBA /* FloatButton.swift */; };
		8F55E3582021BD54000DB90C /* ShareView.swift in Sources */ = {isa = PBXBuildFile; fileRef = 8F55E3572021BD54000DB90C /* ShareView.swift */; };
		8F55E35C2021C723000DB90C /* Protocol.swift in Sources */ = {isa = PBXBuildFile; fileRef = 8F55E35B2021C723000DB90C /* Protocol.swift */; };
		8F55E35E2021DCB6000DB90C /* ShareView.xib in Resources */ = {isa = PBXBuildFile; fileRef = 8F55E35D2021DCB6000DB90C /* ShareView.xib */; };
		8F87D74C201B1EAB00F98D95 /* CustomView.swift in Sources */ = {isa = PBXBuildFile; fileRef = 8F87D74B201B1EAB00F98D95 /* CustomView.swift */; };
		8FC23C021FE3B3C900D92883 /* DeviceHelper.swift in Sources */ = {isa = PBXBuildFile; fileRef = 8FC23C011FE3B3C900D92883 /* DeviceHelper.swift */; };
		C7E5AC27017F425AD26E1320 /* Pods_YSMSwiftToolsTests.framework in Frameworks */ = {isa = PBXBuildFile; fileRef = FCD6FD73C8EFEDF66DD4BE04 /* Pods_YSMSwiftToolsTests.framework */; };
/* End PBXBuildFile section */

/* Begin PBXContainerItemProxy section */
		6F3A95E51F4D6D95007792B6 /* PBXContainerItemProxy */ = {
			isa = PBXContainerItemProxy;
			containerPortal = 6F3A95C81F4D6D95007792B6 /* Project object */;
			proxyType = 1;
			remoteGlobalIDString = 6F3A95CF1F4D6D95007792B6;
			remoteInfo = YSMSwiftTools;
		};
		6F3A95F01F4D6D95007792B6 /* PBXContainerItemProxy */ = {
			isa = PBXContainerItemProxy;
			containerPortal = 6F3A95C81F4D6D95007792B6 /* Project object */;
			proxyType = 1;
			remoteGlobalIDString = 6F3A95CF1F4D6D95007792B6;
			remoteInfo = YSMSwiftTools;
		};
/* End PBXContainerItemProxy section */

/* Begin PBXFileReference section */
		012E999F3CF21EE15694BC83 /* Pods_YSMSwiftToolsUITests.framework */ = {isa = PBXFileReference; explicitFileType = wrapper.framework; includeInIndex = 0; path = Pods_YSMSwiftToolsUITests.framework; sourceTree = BUILT_PRODUCTS_DIR; };
		23A427120CA363C8EB227453 /* Pods-YSMSwiftToolsTests.debug.xcconfig */ = {isa = PBXFileReference; includeInIndex = 1; lastKnownFileType = text.xcconfig; name = "Pods-YSMSwiftToolsTests.debug.xcconfig"; path = "Pods/Target Support Files/Pods-YSMSwiftToolsTests/Pods-YSMSwiftToolsTests.debug.xcconfig"; sourceTree = "<group>"; };
		60ED809B8BEF65D7FA2474DD /* Pods-YSMSwiftTools.release.xcconfig */ = {isa = PBXFileReference; includeInIndex = 1; lastKnownFileType = text.xcconfig; name = "Pods-YSMSwiftTools.release.xcconfig"; path = "Pods/Target Support Files/Pods-YSMSwiftTools/Pods-YSMSwiftTools.release.xcconfig"; sourceTree = "<group>"; };
		6F3A95D01F4D6D95007792B6 /* YSMSwiftTools.app */ = {isa = PBXFileReference; explicitFileType = wrapper.application; includeInIndex = 0; path = YSMSwiftTools.app; sourceTree = BUILT_PRODUCTS_DIR; };
		6F3A95D31F4D6D95007792B6 /* AppDelegate.swift */ = {isa = PBXFileReference; lastKnownFileType = sourcecode.swift; path = AppDelegate.swift; sourceTree = "<group>"; };
		6F3A95D51F4D6D95007792B6 /* ViewController.swift */ = {isa = PBXFileReference; lastKnownFileType = sourcecode.swift; path = ViewController.swift; sourceTree = "<group>"; };
		6F3A95D81F4D6D95007792B6 /* Base */ = {isa = PBXFileReference; lastKnownFileType = file.storyboard; name = Base; path = Base.lproj/Main.storyboard; sourceTree = "<group>"; };
		6F3A95DA1F4D6D95007792B6 /* Assets.xcassets */ = {isa = PBXFileReference; lastKnownFileType = folder.assetcatalog; path = Assets.xcassets; sourceTree = "<group>"; };
		6F3A95DD1F4D6D95007792B6 /* Base */ = {isa = PBXFileReference; lastKnownFileType = file.storyboard; name = Base; path = Base.lproj/LaunchScreen.storyboard; sourceTree = "<group>"; };
		6F3A95DF1F4D6D95007792B6 /* Info.plist */ = {isa = PBXFileReference; lastKnownFileType = text.plist.xml; path = Info.plist; sourceTree = "<group>"; };
		6F3A95E41F4D6D95007792B6 /* YSMSwiftToolsTests.xctest */ = {isa = PBXFileReference; explicitFileType = wrapper.cfbundle; includeInIndex = 0; path = YSMSwiftToolsTests.xctest; sourceTree = BUILT_PRODUCTS_DIR; };
		6F3A95E81F4D6D95007792B6 /* YSMSwiftToolsTests.swift */ = {isa = PBXFileReference; lastKnownFileType = sourcecode.swift; path = YSMSwiftToolsTests.swift; sourceTree = "<group>"; };
		6F3A95EA1F4D6D95007792B6 /* Info.plist */ = {isa = PBXFileReference; lastKnownFileType = text.plist.xml; path = Info.plist; sourceTree = "<group>"; };
		6F3A95EF1F4D6D95007792B6 /* YSMSwiftToolsUITests.xctest */ = {isa = PBXFileReference; explicitFileType = wrapper.cfbundle; includeInIndex = 0; path = YSMSwiftToolsUITests.xctest; sourceTree = BUILT_PRODUCTS_DIR; };
		6F3A95F31F4D6D95007792B6 /* YSMSwiftToolsUITests.swift */ = {isa = PBXFileReference; lastKnownFileType = sourcecode.swift; path = YSMSwiftToolsUITests.swift; sourceTree = "<group>"; };
		6F3A95F51F4D6D95007792B6 /* Info.plist */ = {isa = PBXFileReference; lastKnownFileType = text.plist.xml; path = Info.plist; sourceTree = "<group>"; };
		6F51E1F51F67820900C2500D /* YSMUtils.swift */ = {isa = PBXFileReference; fileEncoding = 4; lastKnownFileType = sourcecode.swift; path = YSMUtils.swift; sourceTree = "<group>"; };
		8F05EC721FE3B686006FE7A5 /* SwiftMulticastDelegate.swift */ = {isa = PBXFileReference; fileEncoding = 4; lastKnownFileType = sourcecode.swift; path = SwiftMulticastDelegate.swift; sourceTree = "<group>"; };
		8F05EC751FE3B7A8006FE7A5 /* UIColor+Extension.swift */ = {isa = PBXFileReference; fileEncoding = 4; lastKnownFileType = sourcecode.swift; path = "UIColor+Extension.swift"; sourceTree = "<group>"; };
		8F05EC771FE3B7B1006FE7A5 /* UIButton+layout.swift */ = {isa = PBXFileReference; fileEncoding = 4; lastKnownFileType = sourcecode.swift; path = "UIButton+layout.swift"; sourceTree = "<group>"; };
		8F05EC791FE3B7BB006FE7A5 /* UIImage+Extension.swift */ = {isa = PBXFileReference; fileEncoding = 4; lastKnownFileType = sourcecode.swift; path = "UIImage+Extension.swift"; sourceTree = "<group>"; };
		8F05EC7B1FE3B7C9006FE7A5 /* UIImage+Gif.swift */ = {isa = PBXFileReference; fileEncoding = 4; lastKnownFileType = sourcecode.swift; path = "UIImage+Gif.swift"; sourceTree = "<group>"; };
		8F05EC7D1FE3B7DB006FE7A5 /* UITextView+Extension.swift */ = {isa = PBXFileReference; fileEncoding = 4; lastKnownFileType = sourcecode.swift; path = "UITextView+Extension.swift"; sourceTree = "<group>"; };
		8F05EC7F1FE3B7EE006FE7A5 /* UIView+Extension.swift */ = {isa = PBXFileReference; fileEncoding = 4; lastKnownFileType = sourcecode.swift; path = "UIView+Extension.swift"; sourceTree = "<group>"; };
		8F05EC831FE3BA61006FE7A5 /* CGRect+Extension.swift */ = {isa = PBXFileReference; lastKnownFileType = sourcecode.swift; path = "CGRect+Extension.swift"; sourceTree = "<group>"; };
		8F05EC891FE3DC73006FE7A5 /* Date+Extension.swift */ = {isa = PBXFileReference; lastKnownFileType = sourcecode.swift; path = "Date+Extension.swift"; sourceTree = "<group>"; };
		8F3A865F202952F30099BEBA /* FloatBall.swift */ = {isa = PBXFileReference; fileEncoding = 4; lastKnownFileType = sourcecode.swift; path = FloatBall.swift; sourceTree = "<group>"; };
		8F3A8660202952F30099BEBA /* FloatBallMenuItem.swift */ = {isa = PBXFileReference; fileEncoding = 4; lastKnownFileType = sourcecode.swift; path = FloatBallMenuItem.swift; sourceTree = "<group>"; };
		8F3A8661202952F30099BEBA /* FloatBallMenuView.swift */ = {isa = PBXFileReference; fileEncoding = 4; lastKnownFileType = sourcecode.swift; path = FloatBallMenuView.swift; sourceTree = "<group>"; };
		8F3A8662202952F30099BEBA /* FloatBallMenuViewCell.swift */ = {isa = PBXFileReference; fileEncoding = 4; lastKnownFileType = sourcecode.swift; path = FloatBallMenuViewCell.swift; sourceTree = "<group>"; };
		8F3A8663202952F30099BEBA /* ArrowLayer.swift */ = {isa = PBXFileReference; fileEncoding = 4; lastKnownFileType = sourcecode.swift; path = ArrowLayer.swift; sourceTree = "<group>"; };
		8F3A8664202952F30099BEBA /* FloatButton.swift */ = {isa = PBXFileReference; fileEncoding = 4; lastKnownFileType = sourcecode.swift; path = FloatButton.swift; sourceTree = "<group>"; };
		8F55E3572021BD54000DB90C /* ShareView.swift */ = {isa = PBXFileReference; lastKnownFileType = sourcecode.swift; path = ShareView.swift; sourceTree = "<group>"; };
		8F55E35B2021C723000DB90C /* Protocol.swift */ = {isa = PBXFileReference; lastKnownFileType = sourcecode.swift; path = Protocol.swift; sourceTree = "<group>"; };
		8F55E35D2021DCB6000DB90C /* ShareView.xib */ = {isa = PBXFileReference; lastKnownFileType = file.xib; path = ShareView.xib; sourceTree = "<group>"; };
		8F87D74B201B1EAB00F98D95 /* CustomView.swift */ = {isa = PBXFileReference; lastKnownFileType = sourcecode.swift; path = CustomView.swift; sourceTree = "<group>"; };
		8FC23C011FE3B3C900D92883 /* DeviceHelper.swift */ = {isa = PBXFileReference; lastKnownFileType = sourcecode.swift; path = DeviceHelper.swift; sourceTree = "<group>"; };
		93A9EA3A73DC7E4F47AB7173 /* Pods-YSMSwiftToolsUITests.release.xcconfig */ = {isa = PBXFileReference; includeInIndex = 1; lastKnownFileType = text.xcconfig; name = "Pods-YSMSwiftToolsUITests.release.xcconfig"; path = "Pods/Target Support Files/Pods-YSMSwiftToolsUITests/Pods-YSMSwiftToolsUITests.release.xcconfig"; sourceTree = "<group>"; };
		B1767F7D6023619DEA018BA1 /* Pods-YSMSwiftToolsUITests.debug.xcconfig */ = {isa = PBXFileReference; includeInIndex = 1; lastKnownFileType = text.xcconfig; name = "Pods-YSMSwiftToolsUITests.debug.xcconfig"; path = "Pods/Target Support Files/Pods-YSMSwiftToolsUITests/Pods-YSMSwiftToolsUITests.debug.xcconfig"; sourceTree = "<group>"; };
		B1DF5D7FC3F94AC20C89C10C /* Pods-YSMSwiftTools.debug.xcconfig */ = {isa = PBXFileReference; includeInIndex = 1; lastKnownFileType = text.xcconfig; name = "Pods-YSMSwiftTools.debug.xcconfig"; path = "Pods/Target Support Files/Pods-YSMSwiftTools/Pods-YSMSwiftTools.debug.xcconfig"; sourceTree = "<group>"; };
		B56C9ECE7A8EC94B823AB59F /* Pods-YSMSwiftToolsTests.release.xcconfig */ = {isa = PBXFileReference; includeInIndex = 1; lastKnownFileType = text.xcconfig; name = "Pods-YSMSwiftToolsTests.release.xcconfig"; path = "Pods/Target Support Files/Pods-YSMSwiftToolsTests/Pods-YSMSwiftToolsTests.release.xcconfig"; sourceTree = "<group>"; };
		C02079BF83BBB651AE9D3BD2 /* Pods_YSMSwiftTools.framework */ = {isa = PBXFileReference; explicitFileType = wrapper.framework; includeInIndex = 0; path = Pods_YSMSwiftTools.framework; sourceTree = BUILT_PRODUCTS_DIR; };
		FCD6FD73C8EFEDF66DD4BE04 /* Pods_YSMSwiftToolsTests.framework */ = {isa = PBXFileReference; explicitFileType = wrapper.framework; includeInIndex = 0; path = Pods_YSMSwiftToolsTests.framework; sourceTree = BUILT_PRODUCTS_DIR; };
/* End PBXFileReference section */

/* Begin PBXFrameworksBuildPhase section */
		6F3A95CD1F4D6D95007792B6 /* Frameworks */ = {
			isa = PBXFrameworksBuildPhase;
			buildActionMask = 2147483647;
			files = (
				1A04D6D0B43AB14CA5E5CF43 /* Pods_YSMSwiftTools.framework in Frameworks */,
			);
			runOnlyForDeploymentPostprocessing = 0;
		};
		6F3A95E11F4D6D95007792B6 /* Frameworks */ = {
			isa = PBXFrameworksBuildPhase;
			buildActionMask = 2147483647;
			files = (
				C7E5AC27017F425AD26E1320 /* Pods_YSMSwiftToolsTests.framework in Frameworks */,
			);
			runOnlyForDeploymentPostprocessing = 0;
		};
		6F3A95EC1F4D6D95007792B6 /* Frameworks */ = {
			isa = PBXFrameworksBuildPhase;
			buildActionMask = 2147483647;
			files = (
				5C4AF94FA30E11D519001BBC /* Pods_YSMSwiftToolsUITests.framework in Frameworks */,
			);
			runOnlyForDeploymentPostprocessing = 0;
		};
/* End PBXFrameworksBuildPhase section */

/* Begin PBXGroup section */
		6F3A95C71F4D6D95007792B6 = {
			isa = PBXGroup;
			children = (
				6F3A95D21F4D6D95007792B6 /* YSMSwiftTools */,
				6F3A95E71F4D6D95007792B6 /* YSMSwiftToolsTests */,
				6F3A95F21F4D6D95007792B6 /* YSMSwiftToolsUITests */,
				6F3A95D11F4D6D95007792B6 /* Products */,
				F3AED6D3FE3D677F1BA9FB6C /* Pods */,
				FD18A991FC8AC5D96EA5ECAE /* Frameworks */,
			);
			sourceTree = "<group>";
		};
		6F3A95D11F4D6D95007792B6 /* Products */ = {
			isa = PBXGroup;
			children = (
				6F3A95D01F4D6D95007792B6 /* YSMSwiftTools.app */,
				6F3A95E41F4D6D95007792B6 /* YSMSwiftToolsTests.xctest */,
				6F3A95EF1F4D6D95007792B6 /* YSMSwiftToolsUITests.xctest */,
			);
			name = Products;
			sourceTree = "<group>";
		};
		6F3A95D21F4D6D95007792B6 /* YSMSwiftTools */ = {
			isa = PBXGroup;
			children = (
				6F3A95D31F4D6D95007792B6 /* AppDelegate.swift */,
				6F3A95D51F4D6D95007792B6 /* ViewController.swift */,
				8F87D74B201B1EAB00F98D95 /* CustomView.swift */,
				8F55E3572021BD54000DB90C /* ShareView.swift */,
				8F55E35D2021DCB6000DB90C /* ShareView.xib */,
				8F5C120A2015D1BA0073B760 /* CustomView */,
				8F05EC741FE3B705006FE7A5 /* Extension */,
				8F05EC711FE3B62E006FE7A5 /* Utils */,
				6F3A95D71F4D6D95007792B6 /* Main.storyboard */,
				6F3A95DA1F4D6D95007792B6 /* Assets.xcassets */,
				6F3A95DC1F4D6D95007792B6 /* LaunchScreen.storyboard */,
				6F3A95DF1F4D6D95007792B6 /* Info.plist */,
			);
			path = YSMSwiftTools;
			sourceTree = "<group>";
		};
		6F3A95E71F4D6D95007792B6 /* YSMSwiftToolsTests */ = {
			isa = PBXGroup;
			children = (
				6F3A95E81F4D6D95007792B6 /* YSMSwiftToolsTests.swift */,
				6F3A95EA1F4D6D95007792B6 /* Info.plist */,
			);
			path = YSMSwiftToolsTests;
			sourceTree = "<group>";
		};
		6F3A95F21F4D6D95007792B6 /* YSMSwiftToolsUITests */ = {
			isa = PBXGroup;
			children = (
				6F3A95F31F4D6D95007792B6 /* YSMSwiftToolsUITests.swift */,
				6F3A95F51F4D6D95007792B6 /* Info.plist */,
			);
			path = YSMSwiftToolsUITests;
			sourceTree = "<group>";
		};
		8F05EC711FE3B62E006FE7A5 /* Utils */ = {
			isa = PBXGroup;
			children = (
				6F51E1F51F67820900C2500D /* YSMUtils.swift */,
				8FC23C011FE3B3C900D92883 /* DeviceHelper.swift */,
				8F05EC721FE3B686006FE7A5 /* SwiftMulticastDelegate.swift */,
				8F55E35B2021C723000DB90C /* Protocol.swift */,
			);
			path = Utils;
			sourceTree = "<group>";
		};
		8F05EC741FE3B705006FE7A5 /* Extension */ = {
			isa = PBXGroup;
			children = (
				8F05EC751FE3B7A8006FE7A5 /* UIColor+Extension.swift */,
				8F05EC771FE3B7B1006FE7A5 /* UIButton+layout.swift */,
				8F05EC791FE3B7BB006FE7A5 /* UIImage+Extension.swift */,
				8F05EC7B1FE3B7C9006FE7A5 /* UIImage+Gif.swift */,
				8F05EC7D1FE3B7DB006FE7A5 /* UITextView+Extension.swift */,
				8F05EC7F1FE3B7EE006FE7A5 /* UIView+Extension.swift */,
				8F05EC831FE3BA61006FE7A5 /* CGRect+Extension.swift */,
				8F05EC891FE3DC73006FE7A5 /* Date+Extension.swift */,
			);
			path = Extension;
			sourceTree = "<group>";
		};
		8F55E3562021BD37000DB90C /* FloatBall */ = {
			isa = PBXGroup;
			children = (
				8F3A8663202952F30099BEBA /* ArrowLayer.swift */,
				8F3A865F202952F30099BEBA /* FloatBall.swift */,
				8F3A8660202952F30099BEBA /* FloatBallMenuItem.swift */,
				8F3A8661202952F30099BEBA /* FloatBallMenuView.swift */,
				8F3A8662202952F30099BEBA /* FloatBallMenuViewCell.swift */,
				8F3A8664202952F30099BEBA /* FloatButton.swift */,
			);
			path = FloatBall;
			sourceTree = "<group>";
		};
		8F5C120A2015D1BA0073B760 /* CustomView */ = {
			isa = PBXGroup;
			children = (
				8F55E3562021BD37000DB90C /* FloatBall */,
			);
			path = CustomView;
			sourceTree = "<group>";
		};
		F3AED6D3FE3D677F1BA9FB6C /* Pods */ = {
			isa = PBXGroup;
			children = (
				B1DF5D7FC3F94AC20C89C10C /* Pods-YSMSwiftTools.debug.xcconfig */,
				60ED809B8BEF65D7FA2474DD /* Pods-YSMSwiftTools.release.xcconfig */,
				23A427120CA363C8EB227453 /* Pods-YSMSwiftToolsTests.debug.xcconfig */,
				B56C9ECE7A8EC94B823AB59F /* Pods-YSMSwiftToolsTests.release.xcconfig */,
				B1767F7D6023619DEA018BA1 /* Pods-YSMSwiftToolsUITests.debug.xcconfig */,
				93A9EA3A73DC7E4F47AB7173 /* Pods-YSMSwiftToolsUITests.release.xcconfig */,
			);
			name = Pods;
			sourceTree = "<group>";
		};
		FD18A991FC8AC5D96EA5ECAE /* Frameworks */ = {
			isa = PBXGroup;
			children = (
				C02079BF83BBB651AE9D3BD2 /* Pods_YSMSwiftTools.framework */,
				FCD6FD73C8EFEDF66DD4BE04 /* Pods_YSMSwiftToolsTests.framework */,
				012E999F3CF21EE15694BC83 /* Pods_YSMSwiftToolsUITests.framework */,
			);
			name = Frameworks;
			sourceTree = "<group>";
		};
/* End PBXGroup section */

/* Begin PBXNativeTarget section */
		6F3A95CF1F4D6D95007792B6 /* YSMSwiftTools */ = {
			isa = PBXNativeTarget;
			buildConfigurationList = 6F3A95F81F4D6D95007792B6 /* Build configuration list for PBXNativeTarget "YSMSwiftTools" */;
			buildPhases = (
				487F1950CD81AA15D9AD4A69 /* [CP] Check Pods Manifest.lock */,
				6F3A95CC1F4D6D95007792B6 /* Sources */,
				6F3A95CD1F4D6D95007792B6 /* Frameworks */,
				6F3A95CE1F4D6D95007792B6 /* Resources */,
				FB92D480149F23BEEAC0C423 /* [CP] Embed Pods Frameworks */,
				E30D1575660A697CEA1647BA /* [CP] Copy Pods Resources */,
			);
			buildRules = (
			);
			dependencies = (
			);
			name = YSMSwiftTools;
			productName = YSMSwiftTools;
			productReference = 6F3A95D01F4D6D95007792B6 /* YSMSwiftTools.app */;
			productType = "com.apple.product-type.application";
		};
		6F3A95E31F4D6D95007792B6 /* YSMSwiftToolsTests */ = {
			isa = PBXNativeTarget;
			buildConfigurationList = 6F3A95FB1F4D6D95007792B6 /* Build configuration list for PBXNativeTarget "YSMSwiftToolsTests" */;
			buildPhases = (
				FC1518576DB7C1B3693D38C9 /* [CP] Check Pods Manifest.lock */,
				6F3A95E01F4D6D95007792B6 /* Sources */,
				6F3A95E11F4D6D95007792B6 /* Frameworks */,
				6F3A95E21F4D6D95007792B6 /* Resources */,
				7EA1A931B50F4DDC1D39166B /* [CP] Embed Pods Frameworks */,
				ABA99FB4805BA8FBF3E5FE34 /* [CP] Copy Pods Resources */,
			);
			buildRules = (
			);
			dependencies = (
				6F3A95E61F4D6D95007792B6 /* PBXTargetDependency */,
			);
			name = YSMSwiftToolsTests;
			productName = YSMSwiftToolsTests;
			productReference = 6F3A95E41F4D6D95007792B6 /* YSMSwiftToolsTests.xctest */;
			productType = "com.apple.product-type.bundle.unit-test";
		};
		6F3A95EE1F4D6D95007792B6 /* YSMSwiftToolsUITests */ = {
			isa = PBXNativeTarget;
			buildConfigurationList = 6F3A95FE1F4D6D95007792B6 /* Build configuration list for PBXNativeTarget "YSMSwiftToolsUITests" */;
			buildPhases = (
				9C9CBB6E3F284EB9499EF499 /* [CP] Check Pods Manifest.lock */,
				6F3A95EB1F4D6D95007792B6 /* Sources */,
				6F3A95EC1F4D6D95007792B6 /* Frameworks */,
				6F3A95ED1F4D6D95007792B6 /* Resources */,
				D2DC5B984E2EE7868C0EC10F /* [CP] Embed Pods Frameworks */,
				9DDE812A0051F1CA602BD08F /* [CP] Copy Pods Resources */,
			);
			buildRules = (
			);
			dependencies = (
				6F3A95F11F4D6D95007792B6 /* PBXTargetDependency */,
			);
			name = YSMSwiftToolsUITests;
			productName = YSMSwiftToolsUITests;
			productReference = 6F3A95EF1F4D6D95007792B6 /* YSMSwiftToolsUITests.xctest */;
			productType = "com.apple.product-type.bundle.ui-testing";
		};
/* End PBXNativeTarget section */

/* Begin PBXProject section */
		6F3A95C81F4D6D95007792B6 /* Project object */ = {
			isa = PBXProject;
			attributes = {
				LastSwiftUpdateCheck = 0830;
				LastUpgradeCheck = 0830;
				ORGANIZATIONNAME = "忆思梦吧";
				TargetAttributes = {
					6F3A95CF1F4D6D95007792B6 = {
						CreatedOnToolsVersion = 8.3.2;
						DevelopmentTeam = 7WBB4H4S24;
						ProvisioningStyle = Automatic;
					};
					6F3A95E31F4D6D95007792B6 = {
						CreatedOnToolsVersion = 8.3.2;
						ProvisioningStyle = Automatic;
						TestTargetID = 6F3A95CF1F4D6D95007792B6;
					};
					6F3A95EE1F4D6D95007792B6 = {
						CreatedOnToolsVersion = 8.3.2;
						ProvisioningStyle = Automatic;
						TestTargetID = 6F3A95CF1F4D6D95007792B6;
					};
				};
			};
			buildConfigurationList = 6F3A95CB1F4D6D95007792B6 /* Build configuration list for PBXProject "YSMSwiftTools" */;
			compatibilityVersion = "Xcode 3.2";
			developmentRegion = English;
			hasScannedForEncodings = 0;
			knownRegions = (
				en,
				Base,
			);
			mainGroup = 6F3A95C71F4D6D95007792B6;
			productRefGroup = 6F3A95D11F4D6D95007792B6 /* Products */;
			projectDirPath = "";
			projectRoot = "";
			targets = (
				6F3A95CF1F4D6D95007792B6 /* YSMSwiftTools */,
				6F3A95E31F4D6D95007792B6 /* YSMSwiftToolsTests */,
				6F3A95EE1F4D6D95007792B6 /* YSMSwiftToolsUITests */,
			);
		};
/* End PBXProject section */

/* Begin PBXResourcesBuildPhase section */
		6F3A95CE1F4D6D95007792B6 /* Resources */ = {
			isa = PBXResourcesBuildPhase;
			buildActionMask = 2147483647;
			files = (
				8F55E35E2021DCB6000DB90C /* ShareView.xib in Resources */,
				6F3A95DE1F4D6D95007792B6 /* LaunchScreen.storyboard in Resources */,
				6F3A95DB1F4D6D95007792B6 /* Assets.xcassets in Resources */,
				6F3A95D91F4D6D95007792B6 /* Main.storyboard in Resources */,
			);
			runOnlyForDeploymentPostprocessing = 0;
		};
		6F3A95E21F4D6D95007792B6 /* Resources */ = {
			isa = PBXResourcesBuildPhase;
			buildActionMask = 2147483647;
			files = (
			);
			runOnlyForDeploymentPostprocessing = 0;
		};
		6F3A95ED1F4D6D95007792B6 /* Resources */ = {
			isa = PBXResourcesBuildPhase;
			buildActionMask = 2147483647;
			files = (
			);
			runOnlyForDeploymentPostprocessing = 0;
		};
/* End PBXResourcesBuildPhase section */

/* Begin PBXShellScriptBuildPhase section */
		487F1950CD81AA15D9AD4A69 /* [CP] Check Pods Manifest.lock */ = {
			isa = PBXShellScriptBuildPhase;
			buildActionMask = 2147483647;
			files = (
			);
			inputPaths = (
				"${PODS_PODFILE_DIR_PATH}/Podfile.lock",
				"${PODS_ROOT}/Manifest.lock",
			);
			name = "[CP] Check Pods Manifest.lock";
			outputPaths = (
				"$(DERIVED_FILE_DIR)/Pods-YSMSwiftTools-checkManifestLockResult.txt",
			);
			runOnlyForDeploymentPostprocessing = 0;
			shellPath = /bin/sh;
			shellScript = "diff \"${PODS_PODFILE_DIR_PATH}/Podfile.lock\" \"${PODS_ROOT}/Manifest.lock\" > /dev/null\nif [ $? != 0 ] ; then\n    # print error to STDERR\n    echo \"error: The sandbox is not in sync with the Podfile.lock. Run 'pod install' or update your CocoaPods installation.\" >&2\n    exit 1\nfi\n# This output is used by Xcode 'outputs' to avoid re-running this script phase.\necho \"SUCCESS\" > \"${SCRIPT_OUTPUT_FILE_0}\"\n";
			showEnvVarsInLog = 0;
		};
		7EA1A931B50F4DDC1D39166B /* [CP] Embed Pods Frameworks */ = {
			isa = PBXShellScriptBuildPhase;
			buildActionMask = 2147483647;
			files = (
			);
			inputPaths = (
			);
			name = "[CP] Embed Pods Frameworks";
			outputPaths = (
			);
			runOnlyForDeploymentPostprocessing = 0;
			shellPath = /bin/sh;
			shellScript = "\"${SRCROOT}/Pods/Target Support Files/Pods-YSMSwiftToolsTests/Pods-YSMSwiftToolsTests-frameworks.sh\"\n";
			showEnvVarsInLog = 0;
		};
		9C9CBB6E3F284EB9499EF499 /* [CP] Check Pods Manifest.lock */ = {
			isa = PBXShellScriptBuildPhase;
			buildActionMask = 2147483647;
			files = (
			);
			inputPaths = (
				"${PODS_PODFILE_DIR_PATH}/Podfile.lock",
				"${PODS_ROOT}/Manifest.lock",
			);
			name = "[CP] Check Pods Manifest.lock";
			outputPaths = (
				"$(DERIVED_FILE_DIR)/Pods-YSMSwiftToolsUITests-checkManifestLockResult.txt",
			);
			runOnlyForDeploymentPostprocessing = 0;
			shellPath = /bin/sh;
			shellScript = "diff \"${PODS_PODFILE_DIR_PATH}/Podfile.lock\" \"${PODS_ROOT}/Manifest.lock\" > /dev/null\nif [ $? != 0 ] ; then\n    # print error to STDERR\n    echo \"error: The sandbox is not in sync with the Podfile.lock. Run 'pod install' or update your CocoaPods installation.\" >&2\n    exit 1\nfi\n# This output is used by Xcode 'outputs' to avoid re-running this script phase.\necho \"SUCCESS\" > \"${SCRIPT_OUTPUT_FILE_0}\"\n";
			showEnvVarsInLog = 0;
		};
		9DDE812A0051F1CA602BD08F /* [CP] Copy Pods Resources */ = {
			isa = PBXShellScriptBuildPhase;
			buildActionMask = 2147483647;
			files = (
			);
			inputPaths = (
			);
			name = "[CP] Copy Pods Resources";
			outputPaths = (
			);
			runOnlyForDeploymentPostprocessing = 0;
			shellPath = /bin/sh;
			shellScript = "\"${SRCROOT}/Pods/Target Support Files/Pods-YSMSwiftToolsUITests/Pods-YSMSwiftToolsUITests-resources.sh\"\n";
			showEnvVarsInLog = 0;
		};
		ABA99FB4805BA8FBF3E5FE34 /* [CP] Copy Pods Resources */ = {
			isa = PBXShellScriptBuildPhase;
			buildActionMask = 2147483647;
			files = (
			);
			inputPaths = (
			);
			name = "[CP] Copy Pods Resources";
			outputPaths = (
			);
			runOnlyForDeploymentPostprocessing = 0;
			shellPath = /bin/sh;
			shellScript = "\"${SRCROOT}/Pods/Target Support Files/Pods-YSMSwiftToolsTests/Pods-YSMSwiftToolsTests-resources.sh\"\n";
			showEnvVarsInLog = 0;
		};
		D2DC5B984E2EE7868C0EC10F /* [CP] Embed Pods Frameworks */ = {
			isa = PBXShellScriptBuildPhase;
			buildActionMask = 2147483647;
			files = (
			);
			inputPaths = (
			);
			name = "[CP] Embed Pods Frameworks";
			outputPaths = (
			);
			runOnlyForDeploymentPostprocessing = 0;
			shellPath = /bin/sh;
			shellScript = "\"${SRCROOT}/Pods/Target Support Files/Pods-YSMSwiftToolsUITests/Pods-YSMSwiftToolsUITests-frameworks.sh\"\n";
			showEnvVarsInLog = 0;
		};
		E30D1575660A697CEA1647BA /* [CP] Copy Pods Resources */ = {
			isa = PBXShellScriptBuildPhase;
			buildActionMask = 2147483647;
			files = (
			);
			inputPaths = (
			);
			name = "[CP] Copy Pods Resources";
			outputPaths = (
			);
			runOnlyForDeploymentPostprocessing = 0;
			shellPath = /bin/sh;
			shellScript = "\"${SRCROOT}/Pods/Target Support Files/Pods-YSMSwiftTools/Pods-YSMSwiftTools-resources.sh\"\n";
			showEnvVarsInLog = 0;
		};
		FB92D480149F23BEEAC0C423 /* [CP] Embed Pods Frameworks */ = {
			isa = PBXShellScriptBuildPhase;
			buildActionMask = 2147483647;
			files = (
			);
			inputPaths = (
				"${SRCROOT}/Pods/Target Support Files/Pods-YSMSwiftTools/Pods-YSMSwiftTools-frameworks.sh",
				"${BUILT_PRODUCTS_DIR}/Alamofire/Alamofire.framework",
				"${BUILT_PRODUCTS_DIR}/HandyJSON/HandyJSON.framework",
				"${BUILT_PRODUCTS_DIR}/Kingfisher/Kingfisher.framework",
				"${BUILT_PRODUCTS_DIR}/SwiftyJSON/SwiftyJSON.framework",
			);
			name = "[CP] Embed Pods Frameworks";
			outputPaths = (
				"${TARGET_BUILD_DIR}/${FRAMEWORKS_FOLDER_PATH}/Alamofire.framework",
				"${TARGET_BUILD_DIR}/${FRAMEWORKS_FOLDER_PATH}/HandyJSON.framework",
				"${TARGET_BUILD_DIR}/${FRAMEWORKS_FOLDER_PATH}/Kingfisher.framework",
				"${TARGET_BUILD_DIR}/${FRAMEWORKS_FOLDER_PATH}/SwiftyJSON.framework",
			);
			runOnlyForDeploymentPostprocessing = 0;
			shellPath = /bin/sh;
			shellScript = "\"${SRCROOT}/Pods/Target Support Files/Pods-YSMSwiftTools/Pods-YSMSwiftTools-frameworks.sh\"\n";
			showEnvVarsInLog = 0;
		};
		FC1518576DB7C1B3693D38C9 /* [CP] Check Pods Manifest.lock */ = {
			isa = PBXShellScriptBuildPhase;
			buildActionMask = 2147483647;
			files = (
			);
			inputPaths = (
				"${PODS_PODFILE_DIR_PATH}/Podfile.lock",
				"${PODS_ROOT}/Manifest.lock",
			);
			name = "[CP] Check Pods Manifest.lock";
			outputPaths = (
				"$(DERIVED_FILE_DIR)/Pods-YSMSwiftToolsTests-checkManifestLockResult.txt",
			);
			runOnlyForDeploymentPostprocessing = 0;
			shellPath = /bin/sh;
			shellScript = "diff \"${PODS_PODFILE_DIR_PATH}/Podfile.lock\" \"${PODS_ROOT}/Manifest.lock\" > /dev/null\nif [ $? != 0 ] ; then\n    # print error to STDERR\n    echo \"error: The sandbox is not in sync with the Podfile.lock. Run 'pod install' or update your CocoaPods installation.\" >&2\n    exit 1\nfi\n# This output is used by Xcode 'outputs' to avoid re-running this script phase.\necho \"SUCCESS\" > \"${SCRIPT_OUTPUT_FILE_0}\"\n";
			showEnvVarsInLog = 0;
		};
/* End PBXShellScriptBuildPhase section */

/* Begin PBXSourcesBuildPhase section */
		6F3A95CC1F4D6D95007792B6 /* Sources */ = {
			isa = PBXSourcesBuildPhase;
			buildActionMask = 2147483647;
			files = (
				8F05EC801FE3B7EF006FE7A5 /* UIView+Extension.swift in Sources */,
				6F3A95D61F4D6D95007792B6 /* ViewController.swift in Sources */,
				8F3A8667202952F40099BEBA /* FloatBallMenuView.swift in Sources */,
				8F3A8668202952F40099BEBA /* FloatBallMenuViewCell.swift in Sources */,
				8F05EC8A1FE3DC73006FE7A5 /* Date+Extension.swift in Sources */,
				8F55E3582021BD54000DB90C /* ShareView.swift in Sources */,
				8F3A8665202952F40099BEBA /* FloatBall.swift in Sources */,
				8FC23C021FE3B3C900D92883 /* DeviceHelper.swift in Sources */,
				6F3A95D41F4D6D95007792B6 /* AppDelegate.swift in Sources */,
				8F05EC841FE3BA61006FE7A5 /* CGRect+Extension.swift in Sources */,
				8F87D74C201B1EAB00F98D95 /* CustomView.swift in Sources */,
				8F05EC7E1FE3B7DB006FE7A5 /* UITextView+Extension.swift in Sources */,
				8F3A866A202952F40099BEBA /* FloatButton.swift in Sources */,
				8F05EC7C1FE3B7C9006FE7A5 /* UIImage+Gif.swift in Sources */,
				8F05EC7A1FE3B7BB006FE7A5 /* UIImage+Extension.swift in Sources */,
				8F05EC761FE3B7A8006FE7A5 /* UIColor+Extension.swift in Sources */,
				8F05EC731FE3B686006FE7A5 /* SwiftMulticastDelegate.swift in Sources */,
				8F55E35C2021C723000DB90C /* Protocol.swift in Sources */,
				8F3A8666202952F40099BEBA /* FloatBallMenuItem.swift in Sources */,
				8F3A8669202952F40099BEBA /* ArrowLayer.swift in Sources */,
				6F51E1F61F67820900C2500D /* YSMUtils.swift in Sources */,
				8F05EC781FE3B7B1006FE7A5 /* UIButton+layout.swift in Sources */,
			);
			runOnlyForDeploymentPostprocessing = 0;
		};
		6F3A95E01F4D6D95007792B6 /* Sources */ = {
			isa = PBXSourcesBuildPhase;
			buildActionMask = 2147483647;
			files = (
				6F3A95E91F4D6D95007792B6 /* YSMSwiftToolsTests.swift in Sources */,
			);
			runOnlyForDeploymentPostprocessing = 0;
		};
		6F3A95EB1F4D6D95007792B6 /* Sources */ = {
			isa = PBXSourcesBuildPhase;
			buildActionMask = 2147483647;
			files = (
				6F3A95F41F4D6D95007792B6 /* YSMSwiftToolsUITests.swift in Sources */,
			);
			runOnlyForDeploymentPostprocessing = 0;
		};
/* End PBXSourcesBuildPhase section */

/* Begin PBXTargetDependency section */
		6F3A95E61F4D6D95007792B6 /* PBXTargetDependency */ = {
			isa = PBXTargetDependency;
			target = 6F3A95CF1F4D6D95007792B6 /* YSMSwiftTools */;
			targetProxy = 6F3A95E51F4D6D95007792B6 /* PBXContainerItemProxy */;
		};
		6F3A95F11F4D6D95007792B6 /* PBXTargetDependency */ = {
			isa = PBXTargetDependency;
			target = 6F3A95CF1F4D6D95007792B6 /* YSMSwiftTools */;
			targetProxy = 6F3A95F01F4D6D95007792B6 /* PBXContainerItemProxy */;
		};
/* End PBXTargetDependency section */

/* Begin PBXVariantGroup section */
		6F3A95D71F4D6D95007792B6 /* Main.storyboard */ = {
			isa = PBXVariantGroup;
			children = (
				6F3A95D81F4D6D95007792B6 /* Base */,
			);
			name = Main.storyboard;
			sourceTree = "<group>";
		};
		6F3A95DC1F4D6D95007792B6 /* LaunchScreen.storyboard */ = {
			isa = PBXVariantGroup;
			children = (
				6F3A95DD1F4D6D95007792B6 /* Base */,
			);
			name = LaunchScreen.storyboard;
			sourceTree = "<group>";
		};
/* End PBXVariantGroup section */

/* Begin XCBuildConfiguration section */
		6F3A95F61F4D6D95007792B6 /* Debug */ = {
			isa = XCBuildConfiguration;
			buildSettings = {
				ALWAYS_SEARCH_USER_PATHS = NO;
				CLANG_ANALYZER_NONNULL = YES;
				CLANG_ANALYZER_NUMBER_OBJECT_CONVERSION = YES_AGGRESSIVE;
				CLANG_CXX_LANGUAGE_STANDARD = "gnu++0x";
				CLANG_CXX_LIBRARY = "libc++";
				CLANG_ENABLE_MODULES = YES;
				CLANG_ENABLE_OBJC_ARC = YES;
				CLANG_WARN_BOOL_CONVERSION = YES;
				CLANG_WARN_CONSTANT_CONVERSION = YES;
				CLANG_WARN_DIRECT_OBJC_ISA_USAGE = YES_ERROR;
				CLANG_WARN_DOCUMENTATION_COMMENTS = YES;
				CLANG_WARN_EMPTY_BODY = YES;
				CLANG_WARN_ENUM_CONVERSION = YES;
				CLANG_WARN_INFINITE_RECURSION = YES;
				CLANG_WARN_INT_CONVERSION = YES;
				CLANG_WARN_OBJC_ROOT_CLASS = YES_ERROR;
				CLANG_WARN_SUSPICIOUS_MOVE = YES;
				CLANG_WARN_UNREACHABLE_CODE = YES;
				CLANG_WARN__DUPLICATE_METHOD_MATCH = YES;
				"CODE_SIGN_IDENTITY[sdk=iphoneos*]" = "iPhone Developer";
				COPY_PHASE_STRIP = NO;
				DEBUG_INFORMATION_FORMAT = dwarf;
				ENABLE_STRICT_OBJC_MSGSEND = YES;
				ENABLE_TESTABILITY = YES;
				GCC_C_LANGUAGE_STANDARD = gnu99;
				GCC_DYNAMIC_NO_PIC = NO;
				GCC_NO_COMMON_BLOCKS = YES;
				GCC_OPTIMIZATION_LEVEL = 0;
				GCC_PREPROCESSOR_DEFINITIONS = (
					"DEBUG=1",
					"$(inherited)",
				);
				GCC_WARN_64_TO_32_BIT_CONVERSION = YES;
				GCC_WARN_ABOUT_RETURN_TYPE = YES_ERROR;
				GCC_WARN_UNDECLARED_SELECTOR = YES;
				GCC_WARN_UNINITIALIZED_AUTOS = YES_AGGRESSIVE;
				GCC_WARN_UNUSED_FUNCTION = YES;
				GCC_WARN_UNUSED_VARIABLE = YES;
				IPHONEOS_DEPLOYMENT_TARGET = 10.3;
				MTL_ENABLE_DEBUG_INFO = YES;
				ONLY_ACTIVE_ARCH = YES;
				SDKROOT = iphoneos;
				SWIFT_ACTIVE_COMPILATION_CONDITIONS = DEBUG;
				SWIFT_OPTIMIZATION_LEVEL = "-Onone";
				TARGETED_DEVICE_FAMILY = "1,2";
			};
			name = Debug;
		};
		6F3A95F71F4D6D95007792B6 /* Release */ = {
			isa = XCBuildConfiguration;
			buildSettings = {
				ALWAYS_SEARCH_USER_PATHS = NO;
				CLANG_ANALYZER_NONNULL = YES;
				CLANG_ANALYZER_NUMBER_OBJECT_CONVERSION = YES_AGGRESSIVE;
				CLANG_CXX_LANGUAGE_STANDARD = "gnu++0x";
				CLANG_CXX_LIBRARY = "libc++";
				CLANG_ENABLE_MODULES = YES;
				CLANG_ENABLE_OBJC_ARC = YES;
				CLANG_WARN_BOOL_CONVERSION = YES;
				CLANG_WARN_CONSTANT_CONVERSION = YES;
				CLANG_WARN_DIRECT_OBJC_ISA_USAGE = YES_ERROR;
				CLANG_WARN_DOCUMENTATION_COMMENTS = YES;
				CLANG_WARN_EMPTY_BODY = YES;
				CLANG_WARN_ENUM_CONVERSION = YES;
				CLANG_WARN_INFINITE_RECURSION = YES;
				CLANG_WARN_INT_CONVERSION = YES;
				CLANG_WARN_OBJC_ROOT_CLASS = YES_ERROR;
				CLANG_WARN_SUSPICIOUS_MOVE = YES;
				CLANG_WARN_UNREACHABLE_CODE = YES;
				CLANG_WARN__DUPLICATE_METHOD_MATCH = YES;
				"CODE_SIGN_IDENTITY[sdk=iphoneos*]" = "iPhone Developer";
				COPY_PHASE_STRIP = NO;
				DEBUG_INFORMATION_FORMAT = "dwarf-with-dsym";
				ENABLE_NS_ASSERTIONS = NO;
				ENABLE_STRICT_OBJC_MSGSEND = YES;
				GCC_C_LANGUAGE_STANDARD = gnu99;
				GCC_NO_COMMON_BLOCKS = YES;
				GCC_WARN_64_TO_32_BIT_CONVERSION = YES;
				GCC_WARN_ABOUT_RETURN_TYPE = YES_ERROR;
				GCC_WARN_UNDECLARED_SELECTOR = YES;
				GCC_WARN_UNINITIALIZED_AUTOS = YES_AGGRESSIVE;
				GCC_WARN_UNUSED_FUNCTION = YES;
				GCC_WARN_UNUSED_VARIABLE = YES;
				IPHONEOS_DEPLOYMENT_TARGET = 10.3;
				MTL_ENABLE_DEBUG_INFO = NO;
				SDKROOT = iphoneos;
				SWIFT_OPTIMIZATION_LEVEL = "-Owholemodule";
				TARGETED_DEVICE_FAMILY = "1,2";
				VALIDATE_PRODUCT = YES;
			};
			name = Release;
		};
		6F3A95F91F4D6D95007792B6 /* Debug */ = {
			isa = XCBuildConfiguration;
			baseConfigurationReference = B1DF5D7FC3F94AC20C89C10C /* Pods-YSMSwiftTools.debug.xcconfig */;
			buildSettings = {
				ASSETCATALOG_COMPILER_APPICON_NAME = AppIcon;
				ASSETCATALOG_COMPILER_LAUNCHIMAGE_NAME = LaunchImage;
				CODE_SIGN_IDENTITY = "iPhone Developer";
				DEVELOPMENT_TEAM = 7WBB4H4S24;
				INFOPLIST_FILE = YSMSwiftTools/Info.plist;
				IPHONEOS_DEPLOYMENT_TARGET = 10.2;
				LD_RUNPATH_SEARCH_PATHS = "$(inherited) @executable_path/Frameworks";
				PRODUCT_BUNDLE_IDENTIFIER = com.yisimengba.test.YSMSwiftTools;
				PRODUCT_NAME = "$(TARGET_NAME)";
				SWIFT_VERSION = 3.0;
			};
			name = Debug;
		};
		6F3A95FA1F4D6D95007792B6 /* Release */ = {
			isa = XCBuildConfiguration;
			baseConfigurationReference = 60ED809B8BEF65D7FA2474DD /* Pods-YSMSwiftTools.release.xcconfig */;
			buildSettings = {
				ASSETCATALOG_COMPILER_APPICON_NAME = AppIcon;
				ASSETCATALOG_COMPILER_LAUNCHIMAGE_NAME = LaunchImage;
				CODE_SIGN_IDENTITY = "iPhone Developer";
				DEVELOPMENT_TEAM = 7WBB4H4S24;
				INFOPLIST_FILE = YSMSwiftTools/Info.plist;
				IPHONEOS_DEPLOYMENT_TARGET = 10.2;
				LD_RUNPATH_SEARCH_PATHS = "$(inherited) @executable_path/Frameworks";
				PRODUCT_BUNDLE_IDENTIFIER = com.yisimengba.test.YSMSwiftTools;
				PRODUCT_NAME = "$(TARGET_NAME)";
				SWIFT_VERSION = 3.0;
			};
			name = Release;
		};
		6F3A95FC1F4D6D95007792B6 /* Debug */ = {
			isa = XCBuildConfiguration;
			baseConfigurationReference = 23A427120CA363C8EB227453 /* Pods-YSMSwiftToolsTests.debug.xcconfig */;
			buildSettings = {
				ALWAYS_EMBED_SWIFT_STANDARD_LIBRARIES = YES;
				BUNDLE_LOADER = "$(TEST_HOST)";
				INFOPLIST_FILE = YSMSwiftToolsTests/Info.plist;
				LD_RUNPATH_SEARCH_PATHS = "$(inherited) @executable_path/Frameworks @loader_path/Frameworks";
				PRODUCT_BUNDLE_IDENTIFIER = com.yisimengba.test.YSMSwiftToolsTests;
				PRODUCT_NAME = "$(TARGET_NAME)";
				SWIFT_VERSION = 3.0;
				TEST_HOST = "$(BUILT_PRODUCTS_DIR)/YSMSwiftTools.app/YSMSwiftTools";
			};
			name = Debug;
		};
		6F3A95FD1F4D6D95007792B6 /* Release */ = {
			isa = XCBuildConfiguration;
			baseConfigurationReference = B56C9ECE7A8EC94B823AB59F /* Pods-YSMSwiftToolsTests.release.xcconfig */;
			buildSettings = {
				ALWAYS_EMBED_SWIFT_STANDARD_LIBRARIES = YES;
				BUNDLE_LOADER = "$(TEST_HOST)";
				INFOPLIST_FILE = YSMSwiftToolsTests/Info.plist;
				LD_RUNPATH_SEARCH_PATHS = "$(inherited) @executable_path/Frameworks @loader_path/Frameworks";
				PRODUCT_BUNDLE_IDENTIFIER = com.yisimengba.test.YSMSwiftToolsTests;
				PRODUCT_NAME = "$(TARGET_NAME)";
				SWIFT_VERSION = 3.0;
				TEST_HOST = "$(BUILT_PRODUCTS_DIR)/YSMSwiftTools.app/YSMSwiftTools";
			};
			name = Release;
		};
		6F3A95FF1F4D6D95007792B6 /* Debug */ = {
			isa = XCBuildConfiguration;
			baseConfigurationReference = B1767F7D6023619DEA018BA1 /* Pods-YSMSwiftToolsUITests.debug.xcconfig */;
			buildSettings = {
				ALWAYS_EMBED_SWIFT_STANDARD_LIBRARIES = YES;
				INFOPLIST_FILE = YSMSwiftToolsUITests/Info.plist;
				LD_RUNPATH_SEARCH_PATHS = "$(inherited) @executable_path/Frameworks @loader_path/Frameworks";
				PRODUCT_BUNDLE_IDENTIFIER = com.yisimengba.test.YSMSwiftToolsUITests;
				PRODUCT_NAME = "$(TARGET_NAME)";
				SWIFT_VERSION = 3.0;
				TEST_TARGET_NAME = YSMSwiftTools;
			};
			name = Debug;
		};
		6F3A96001F4D6D95007792B6 /* Release */ = {
			isa = XCBuildConfiguration;
			baseConfigurationReference = 93A9EA3A73DC7E4F47AB7173 /* Pods-YSMSwiftToolsUITests.release.xcconfig */;
			buildSettings = {
				ALWAYS_EMBED_SWIFT_STANDARD_LIBRARIES = YES;
				INFOPLIST_FILE = YSMSwiftToolsUITests/Info.plist;
				LD_RUNPATH_SEARCH_PATHS = "$(inherited) @executable_path/Frameworks @loader_path/Frameworks";
				PRODUCT_BUNDLE_IDENTIFIER = com.yisimengba.test.YSMSwiftToolsUITests;
				PRODUCT_NAME = "$(TARGET_NAME)";
				SWIFT_VERSION = 3.0;
				TEST_TARGET_NAME = YSMSwiftTools;
			};
			name = Release;
		};
/* End XCBuildConfiguration section */

/* Begin XCConfigurationList section */
		6F3A95CB1F4D6D95007792B6 /* Build configuration list for PBXProject "YSMSwiftTools" */ = {
			isa = XCConfigurationList;
			buildConfigurations = (
				6F3A95F61F4D6D95007792B6 /* Debug */,
				6F3A95F71F4D6D95007792B6 /* Release */,
			);
			defaultConfigurationIsVisible = 0;
			defaultConfigurationName = Release;
		};
		6F3A95F81F4D6D95007792B6 /* Build configuration list for PBXNativeTarget "YSMSwiftTools" */ = {
			isa = XCConfigurationList;
			buildConfigurations = (
				6F3A95F91F4D6D95007792B6 /* Debug */,
				6F3A95FA1F4D6D95007792B6 /* Release */,
			);
			defaultConfigurationIsVisible = 0;
			defaultConfigurationName = Release;
		};
		6F3A95FB1F4D6D95007792B6 /* Build configuration list for PBXNativeTarget "YSMSwiftToolsTests" */ = {
			isa = XCConfigurationList;
			buildConfigurations = (
				6F3A95FC1F4D6D95007792B6 /* Debug */,
				6F3A95FD1F4D6D95007792B6 /* Release */,
			);
			defaultConfigurationIsVisible = 0;
			defaultConfigurationName = Release;
		};
		6F3A95FE1F4D6D95007792B6 /* Build configuration list for PBXNativeTarget "YSMSwiftToolsUITests" */ = {
			isa = XCConfigurationList;
			buildConfigurations = (
				6F3A95FF1F4D6D95007792B6 /* Debug */,
				6F3A96001F4D6D95007792B6 /* Release */,
			);
			defaultConfigurationIsVisible = 0;
			defaultConfigurationName = Release;
		};
/* End XCConfigurationList section */
	};
	rootObject = 6F3A95C81F4D6D95007792B6 /* Project object */;
}
